
Microsoft Visual Studio Solution File, Format Version 12.00
# Visual Studio Version 17
VisualStudioVersion = 17.14.36804.6
MinimumVisualStudioVersion = 10.0.40219.1
Project("{2150E333-8FDC-42A3-9474-1A3956D46DE8}") = "Common", "Common", "{F83F4F69-2572-4EA3-980F-2161CFF638CD}"
EndProject
Project("{2150E333-8FDC-42A3-9474-1A3956D46DE8}") = "Core", "Core", "{3D07B0CB-F2D9-4C2B-905E-45FC65008D42}"
EndProject
Project("{2150E333-8FDC-42A3-9474-1A3956D46DE8}") = "Modules", "Modules", "{A10344D9-9816-4032-B622-F47086E6933F}"
EndProject
Project("{2150E333-8FDC-42A3-9474-1A3956D46DE8}") = "Services", "Services", "{85EE0D5A-D22E-4DA0-BA74-37C0CE5604EF}"
EndProject
Project("{2150E333-8FDC-42A3-9474-1A3956D46DE8}") = "Tests", "Tests", "{B5FEB6B0-9CF5-4C9E-A020-7A702282EE2B}"
EndProject
Project("{2150E333-8FDC-42A3-9474-1A3956D46DE8}") = "BlockCypher", "BlockCypher", "{50155C4B-49E0-459D-8633-DBDA277BD602}"
EndProject
Project("{FAE04EC0-301F-11D3-BF4B-00C04F79EFBC}") = "BlockCypher.Client", "Common\BlockCypher\BlockCypher.Client\BlockCypher.Client.csproj", "{06C88377-A17C-432B-8E00-98B468ACCD94}"
EndProject
Project("{FAE04EC0-301F-11D3-BF4B-00C04F79EFBC}") = "BlockCypher.Data", "Common\BlockCypher\BlockCypher.Data\BlockCypher.Data.csproj", "{1B6DD61B-8A59-4AF7-8D1A-078D224A23F9}"
EndProject
Project("{FAE04EC0-301F-11D3-BF4B-00C04F79EFBC}") = "IcTest.Data", "Core\IcTest.Data\IcTest.Data.csproj", "{32515B14-C825-C33B-BA8F-3185BDDCBBFC}"
EndProject
Project("{FAE04EC0-301F-11D3-BF4B-00C04F79EFBC}") = "IcTest.Infrastructure", "Core\IcTest.Infrastructure\IcTest.Infrastructure.csproj", "{38E961DA-4C1A-DB0D-F1E5-FEBD5E68DCCD}"
EndProject
Project("{FAE04EC0-301F-11D3-BF4B-00C04F79EFBC}") = "BlockCypher.Tests", "Tests\BlockCypher.Tests\BlockCypher.Tests.csproj", "{20B0D2BA-5AFC-47AC-AD4F-B47BCB303A8D}"
EndProject
Project("{2150E333-8FDC-42A3-9474-1A3956D46DE8}") = "Cryptos", "Cryptos", "{02EA681E-C7D8-13C7-8484-4AC65E1B71E8}"
EndProject
Project("{FAE04EC0-301F-11D3-BF4B-00C04F79EFBC}") = "Blocks.Api", "Services\Cryptos\Blocks.Api\Blocks.Api.csproj", "{BDCE5270-0F58-47A9-BFC2-3057850D0C38}"
EndProject
Project("{FAE04EC0-301F-11D3-BF4B-00C04F79EFBC}") = "IcTest.Shared", "Common\IcTest.Shared\IcTest.Shared.csproj", "{11551DF5-48C5-478E-8B82-56198C355424}"
EndProject
Project("{E53339B2-1760-4266-BCC7-CA923CBCF16C}") = "docker-compose", "docker-compose.dcproj", "{81DDED9D-158B-E303-5F62-77A2896D2A5A}"
EndProject
Project("{FAE04EC0-301F-11D3-BF4B-00C04F79EFBC}") = "BlockTransactionsModule", "Modules\BlockTransactionsModule\BlockTransactionsModule.csproj", "{E0C9C26F-ADFE-4291-9CF0-32B701EE5CD8}"
EndProject
Project("{FAE04EC0-301F-11D3-BF4B-00C04F79EFBC}") = "RepositoryManager.Tests", "Tests\RepositoryManager.Tests\RepositoryManager.Tests.csproj", "{A2B6F348-E7A9-605B-70E4-22F551815124}"
EndProject
Project("{FAE04EC0-301F-11D3-BF4B-00C04F79EFBC}") = "Blocks.Importer", "Services\Cryptos\Blocks.Importer\Blocks.Importer.csproj", "{48153FBE-3519-4B6C-A18C-7E5913F72226}"
EndProject
Global
	GlobalSection(SolutionConfigurationPlatforms) = preSolution
		Debug|Any CPU = Debug|Any CPU
		Release|Any CPU = Release|Any CPU
	EndGlobalSection
	GlobalSection(ProjectConfigurationPlatforms) = postSolution
		{06C88377-A17C-432B-8E00-98B468ACCD94}.Debug|Any CPU.ActiveCfg = Debug|Any CPU
		{06C88377-A17C-432B-8E00-98B468ACCD94}.Debug|Any CPU.Build.0 = Debug|Any CPU
		{06C88377-A17C-432B-8E00-98B468ACCD94}.Release|Any CPU.ActiveCfg = Release|Any CPU
		{06C88377-A17C-432B-8E00-98B468ACCD94}.Release|Any CPU.Build.0 = Release|Any CPU
		{1B6DD61B-8A59-4AF7-8D1A-078D224A23F9}.Debug|Any CPU.ActiveCfg = Debug|Any CPU
		{1B6DD61B-8A59-4AF7-8D1A-078D224A23F9}.Debug|Any CPU.Build.0 = Debug|Any CPU
		{1B6DD61B-8A59-4AF7-8D1A-078D224A23F9}.Release|Any CPU.ActiveCfg = Release|Any CPU
		{1B6DD61B-8A59-4AF7-8D1A-078D224A23F9}.Release|Any CPU.Build.0 = Release|Any CPU
		{32515B14-C825-C33B-BA8F-3185BDDCBBFC}.Debug|Any CPU.ActiveCfg = Debug|Any CPU
		{32515B14-C825-C33B-BA8F-3185BDDCBBFC}.Debug|Any CPU.Build.0 = Debug|Any CPU
		{32515B14-C825-C33B-BA8F-3185BDDCBBFC}.Release|Any CPU.ActiveCfg = Release|Any CPU
		{32515B14-C825-C33B-BA8F-3185BDDCBBFC}.Release|Any CPU.Build.0 = Release|Any CPU
		{38E961DA-4C1A-DB0D-F1E5-FEBD5E68DCCD}.Debug|Any CPU.ActiveCfg = Debug|Any CPU
		{38E961DA-4C1A-DB0D-F1E5-FEBD5E68DCCD}.Debug|Any CPU.Build.0 = Debug|Any CPU
		{38E961DA-4C1A-DB0D-F1E5-FEBD5E68DCCD}.Release|Any CPU.ActiveCfg = Release|Any CPU
		{38E961DA-4C1A-DB0D-F1E5-FEBD5E68DCCD}.Release|Any CPU.Build.0 = Release|Any CPU
		{20B0D2BA-5AFC-47AC-AD4F-B47BCB303A8D}.Debug|Any CPU.ActiveCfg = Debug|Any CPU
		{20B0D2BA-5AFC-47AC-AD4F-B47BCB303A8D}.Debug|Any CPU.Build.0 = Debug|Any CPU
		{20B0D2BA-5AFC-47AC-AD4F-B47BCB303A8D}.Release|Any CPU.ActiveCfg = Release|Any CPU
		{20B0D2BA-5AFC-47AC-AD4F-B47BCB303A8D}.Release|Any CPU.Build.0 = Release|Any CPU
		{BDCE5270-0F58-47A9-BFC2-3057850D0C38}.Debug|Any CPU.ActiveCfg = Debug|Any CPU
		{BDCE5270-0F58-47A9-BFC2-3057850D0C38}.Debug|Any CPU.Build.0 = Debug|Any CPU
		{BDCE5270-0F58-47A9-BFC2-3057850D0C38}.Release|Any CPU.ActiveCfg = Release|Any CPU
		{BDCE5270-0F58-47A9-BFC2-3057850D0C38}.Release|Any CPU.Build.0 = Release|Any CPU
		{11551DF5-48C5-478E-8B82-56198C355424}.Debug|Any CPU.ActiveCfg = Debug|Any CPU
		{11551DF5-48C5-478E-8B82-56198C355424}.Debug|Any CPU.Build.0 = Debug|Any CPU
		{11551DF5-48C5-478E-8B82-56198C355424}.Release|Any CPU.ActiveCfg = Release|Any CPU
		{11551DF5-48C5-478E-8B82-56198C355424}.Release|Any CPU.Build.0 = Release|Any CPU
		{81DDED9D-158B-E303-5F62-77A2896D2A5A}.Debug|Any CPU.ActiveCfg = Debug|Any CPU
		{81DDED9D-158B-E303-5F62-77A2896D2A5A}.Debug|Any CPU.Build.0 = Debug|Any CPU
		{81DDED9D-158B-E303-5F62-77A2896D2A5A}.Release|Any CPU.ActiveCfg = Release|Any CPU
		{81DDED9D-158B-E303-5F62-77A2896D2A5A}.Release|Any CPU.Build.0 = Release|Any CPU
		{E0C9C26F-ADFE-4291-9CF0-32B701EE5CD8}.Debug|Any CPU.ActiveCfg = Debug|Any CPU
		{E0C9C26F-ADFE-4291-9CF0-32B701EE5CD8}.Debug|Any CPU.Build.0 = Debug|Any CPU
		{E0C9C26F-ADFE-4291-9CF0-32B701EE5CD8}.Release|Any CPU.ActiveCfg = Release|Any CPU
		{E0C9C26F-ADFE-4291-9CF0-32B701EE5CD8}.Release|Any CPU.Build.0 = Release|Any CPU
		{A2B6F348-E7A9-605B-70E4-22F551815124}.Debug|Any CPU.ActiveCfg = Debug|Any CPU
		{A2B6F348-E7A9-605B-70E4-22F551815124}.Debug|Any CPU.Build.0 = Debug|Any CPU
		{A2B6F348-E7A9-605B-70E4-22F551815124}.Release|Any CPU.ActiveCfg = Release|Any CPU
		{A2B6F348-E7A9-605B-70E4-22F551815124}.Release|Any CPU.Build.0 = Release|Any CPU
		{48153FBE-3519-4B6C-A18C-7E5913F72226}.Debug|Any CPU.ActiveCfg = Debug|Any CPU
		{48153FBE-3519-4B6C-A18C-7E5913F72226}.Debug|Any CPU.Build.0 = Debug|Any CPU
		{48153FBE-3519-4B6C-A18C-7E5913F72226}.Release|Any CPU.ActiveCfg = Release|Any CPU
		{48153FBE-3519-4B6C-A18C-7E5913F72226}.Release|Any CPU.Build.0 = Release|Any CPU
	EndGlobalSection
	GlobalSection(SolutionProperties) = preSolution
		HideSolutionNode = FALSE
	EndGlobalSection
	GlobalSection(NestedProjects) = preSolution
		{50155C4B-49E0-459D-8633-DBDA277BD602} = {F83F4F69-2572-4EA3-980F-2161CFF638CD}
		{06C88377-A17C-432B-8E00-98B468ACCD94} = {50155C4B-49E0-459D-8633-DBDA277BD602}
		{1B6DD61B-8A59-4AF7-8D1A-078D224A23F9} = {50155C4B-49E0-459D-8633-DBDA277BD602}
		{32515B14-C825-C33B-BA8F-3185BDDCBBFC} = {3D07B0CB-F2D9-4C2B-905E-45FC65008D42}
		{38E961DA-4C1A-DB0D-F1E5-FEBD5E68DCCD} = {3D07B0CB-F2D9-4C2B-905E-45FC65008D42}
		{20B0D2BA-5AFC-47AC-AD4F-B47BCB303A8D} = {B5FEB6B0-9CF5-4C9E-A020-7A702282EE2B}
		{02EA681E-C7D8-13C7-8484-4AC65E1B71E8} = {85EE0D5A-D22E-4DA0-BA74-37C0CE5604EF}
		{BDCE5270-0F58-47A9-BFC2-3057850D0C38} = {02EA681E-C7D8-13C7-8484-4AC65E1B71E8}
		{11551DF5-48C5-478E-8B82-56198C355424} = {F83F4F69-2572-4EA3-980F-2161CFF638CD}
		{E0C9C26F-ADFE-4291-9CF0-32B701EE5CD8} = {A10344D9-9816-4032-B622-F47086E6933F}
		{A2B6F348-E7A9-605B-70E4-22F551815124} = {B5FEB6B0-9CF5-4C9E-A020-7A702282EE2B}
		{48153FBE-3519-4B6C-A18C-7E5913F72226} = {02EA681E-C7D8-13C7-8484-4AC65E1B71E8}
	EndGlobalSection
	GlobalSection(ExtensibilityGlobals) = postSolution
		SolutionGuid = {9C8268AA-19BC-48CA-86C9-E2FD6C99B16A}
	EndGlobalSection
EndGlobal
